
Microsoft Visual Studio Solution File, Format Version 12.00
# Visual Studio Version 17
VisualStudioVersion = 17.2.32519.379
MinimumVisualStudioVersion = 10.0.40219.1
Project("{FAE04EC0-301F-11D3-BF4B-00C04F79EFBC}") = "NuvemDiablo", "NuvemDiablo\NuvemDiablo.csproj", "{45B05C7D-A1FB-43B1-B7D7-EF36D7657775}"
EndProject
Global
	GlobalSection(SolutionConfigurationPlatforms) = preSolution
		Debug|Any CPU = Debug|Any CPU
		Release|Any CPU = Release|Any CPU
	EndGlobalSection
	GlobalSection(ProjectConfigurationPlatforms) = postSolution
		{45B05C7D-A1FB-43B1-B7D7-EF36D7657775}.Debug|Any CPU.ActiveCfg = Debug|Any CPU
		{45B05C7D-A1FB-43B1-B7D7-EF36D7657775}.Debug|Any CPU.Build.0 = Debug|Any CPU
		{45B05C7D-A1FB-43B1-B7D7-EF36D7657775}.Release|Any CPU.ActiveCfg = Release|Any CPU
		{45B05C7D-A1FB-43B1-B7D7-EF36D7657775}.Release|Any CPU.Build.0 = Release|Any CPU
	EndGlobalSection
	GlobalSection(SolutionProperties) = preSolution
		HideSolutionNode = FALSE
	EndGlobalSection
	GlobalSection(ExtensibilityGlobals) = postSolution
		SolutionGuid = {EB5A6EAE-3884-4C33-AF83-3667C8EEFAAB}
	EndGlobalSection
EndGlobal
